[[package]]
name = "duet2"
version = "0.1.0"
dependencies = [
 "try_opt 0.1.1 (registry+https://github.com/rust-lang/crates.io-index)",
]

[[package]]
name = "try_opt"
version = "0.1.1"
source = "registry+https://github.com/rust-lang/crates.io-index"

[metadata]
"checksum try_opt 0.1.1 (registry+https://github.com/rust-lang/crates.io-index)" = "d30b71e7ba40551f9873f3ba9f4ee36f16015adf0962aba57caf403088370db1"
